
Microsoft Visual Studio Solution File, Format Version 12.00
# Visual Studio Version 16
VisualStudioVersion = 16.0.30523.141
MinimumVisualStudioVersion = 10.0.40219.1
Project("{FAE04EC0-301F-11D3-BF4B-00C04F79EFBC}") = "HarborControl", "HarborControl\HarborControl.csproj", "{99AC0986-F146-494B-BD29-47FE2805403C}"
EndProject
Global
	GlobalSection(SolutionConfigurationPlatforms) = preSolution
		Debug|Any CPU = Debug|Any CPU
		Release|Any CPU = Release|Any CPU
	EndGlobalSection
	GlobalSection(ProjectConfigurationPlatforms) = postSolution
		{99AC0986-F146-494B-BD29-47FE2805403C}.Debug|Any CPU.ActiveCfg = Debug|Any CPU
		{99AC0986-F146-494B-BD29-47FE2805403C}.Debug|Any CPU.Build.0 = Debug|Any CPU
		{99AC0986-F146-494B-BD29-47FE2805403C}.Release|Any CPU.ActiveCfg = Release|Any CPU
		{99AC0986-F146-494B-BD29-47FE2805403C}.Release|Any CPU.Build.0 = Release|Any CPU
	EndGlobalSection
	GlobalSection(SolutionProperties) = preSolution
		HideSolutionNode = FALSE
	EndGlobalSection
	GlobalSection(ExtensibilityGlobals) = postSolution
		SolutionGuid = {5D18B6DE-7B87-460E-94C3-93888BF88078}
	EndGlobalSection
EndGlobal
